{
    "_readme": [
        "This file locks the dependencies of your project to a known state",
        "Read more about it at https://getcomposer.org/doc/01-basic-usage.md#composer-lock-the-lock-file",
        "This file is @generated automatically"
    ],
    "hash": "13dbae75258784c5e82ee316a1f41e38",
    "content-hash": "700cf2894f00b71e68cd5a33c980f182",
    "packages": [
        {
            "name": "bitrix-expert/bbc",
            "version": "1.0.0",
            "source": {
                "type": "git",
                "url": "https://github.com/bitrix-expert/bbc.git",
                "reference": "5e2a1e85fe8be790cd41b5c961d8a9813764bf06"
            },
            "dist": {
                "type": "zip",
                "url": "https://api.github.com/repos/bitrix-expert/bbc/zipball/5e2a1e85fe8be790cd41b5c961d8a9813764bf06",
                "reference": "5e2a1e85fe8be790cd41b5c961d8a9813764bf06",
                "shasum": ""
            },
            "require": {
                "bitrix-expert/bbc-module": "1.*",
                "composer/installers": "~1",
                "php": ">=5.4.0"
            },
            "type": "bitrix-component",
            "notification-url": "https://packagist.org/downloads/",
            "license": [
                "MIT"
            ],
            "authors": [
                {
                    "name": "Nik Samokhvalov",
                    "email": "nik@samokhvalov.info",
                    "homepage": "http://samokhvalov.info"
                }
            ],
            "description": "Bitrix basis components",
            "homepage": "http://bbc.bitrix.expert",
            "keywords": [
                "bitrix",
                "components"
            ],
            "time": "2015-07-21 21:47:02"
        },
        {
            "name": "bitrix-expert/bbc-module",
            "version": "1.1.5",
            "source": {
                "type": "git",
                "url": "https://github.com/bitrix-expert/bbc-module.git",
                "reference": "0680360387c9afd71240c1bb543362f2281efdaa"
            },
            "dist": {
                "type": "zip",
                "url": "https://api.github.com/repos/bitrix-expert/bbc-module/zipball/0680360387c9afd71240c1bb543362f2281efdaa",
                "reference": "0680360387c9afd71240c1bb543362f2281efdaa",
                "shasum": ""
            },
            "require": {
                "composer/installers": "~1",
                "php": ">=5.4.0"
            },
            "type": "bitrix-module",
            "extra": {
                "installer-name": "bex.bbc"
            },
            "notification-url": "https://packagist.org/downloads/",
            "license": [
                "MIT"
            ],
            "authors": [
                {
                    "name": "Nik Samokhvalov",
                    "email": "nik@samokhvalov.info",
                    "homepage": "http://samokhvalov.info"
                }
            ],
            "description": "Module with classes for the basis components",
            "homepage": "http://bbc.bitrix.expert",
            "keywords": [
                "bitrix",
                "components",
                "module"
            ],
            "time": "2016-05-05 14:47:45"
        },
        {
            "name": "composer/installers",
            "version": "v1.0.24",
            "source": {
                "type": "git",
                "url": "https://github.com/composer/installers.git",
                "reference": "1cf7cc4b89d5e8549bbb7d6ab1de75da13d27988"
            },
            "dist": {
                "type": "zip",
                "url": "https://api.github.com/repos/composer/installers/zipball/1cf7cc4b89d5e8549bbb7d6ab1de75da13d27988",
                "reference": "1cf7cc4b89d5e8549bbb7d6ab1de75da13d27988",
                "shasum": ""
            },
            "require": {
                "composer-plugin-api": "^1.0"
            },
            "replace": {
                "roundcube/plugin-installer": "*",
                "shama/baton": "*"
            },
            "require-dev": {
                "composer/composer": "1.0.*@dev",
                "phpunit/phpunit": "4.1.*"
            },
            "type": "composer-plugin",
            "extra": {
                "class": "Composer\\Installers\\Plugin",
                "branch-alias": {
                    "dev-master": "1.0-dev"
                }
            },
            "autoload": {
                "psr-4": {
                    "Composer\\Installers\\": "src/Composer/Installers"
                }
            },
            "notification-url": "https://packagist.org/downloads/",
            "license": [
                "MIT"
            ],
            "authors": [
                {
                    "name": "Kyle Robinson Young",
                    "email": "kyle@dontkry.com",
                    "homepage": "https://github.com/shama"
                }
            ],
            "description": "A multi-framework Composer library installer",
            "homepage": "https://composer.github.io/installers/",
            "keywords": [
                "Craft",
                "Dolibarr",
                "Hurad",
                "ImageCMS",
                "MODX Evo",
                "Mautic",
                "OXID",
                "SMF",
                "Thelia",
                "WolfCMS",
                "agl",
                "aimeos",
                "annotatecms",
                "bitrix",
                "cakephp",
                "chef",
                "codeigniter",
                "concrete5",
                "croogo",
                "dokuwiki",
                "drupal",
                "elgg",
                "fuelphp",
                "grav",
                "installer",
                "joomla",
                "kohana",
                "laravel",
                "lithium",
                "magento",
                "mako",
                "mediawiki",
                "modulework",
                "moodle",
                "phpbb",
                "piwik",
                "ppi",
                "puppet",
                "roundcube",
                "shopware",
                "silverstripe",
                "symfony",
                "typo3",
                "wordpress",
                "zend",
                "zikula"
            ],
            "time": "2016-04-05 11:42:46"
        },
        {
            "name": "digitalwand/digitalwand.admin_helper",
            "version": "2.1.0",
            "source": {
                "type": "git",
                "url": "https://github.com/DigitalWand/digitalwand.admin_helper.git",
                "reference": "aa6e969a133690d2c930d7f63dc2c123ab0d0e68"
            },
            "dist": {
                "type": "zip",
                "url": "https://api.github.com/repos/DigitalWand/digitalwand.admin_helper/zipball/aa6e969a133690d2c930d7f63dc2c123ab0d0e68",
                "reference": "aa6e969a133690d2c930d7f63dc2c123ab0d0e68",
                "shasum": ""
            },
            "require": {
                "composer/installers": "~1",
                "php": ">=5.3.0"
            },
            "type": "bitrix-module",
            "extra": {
                "installer-name": "digitalwand.admin_helper"
            },
            "notification-url": "https://packagist.org/downloads/",
            "license": [
                "MIT"
            ],
            "authors": [
                {
                    "name": "Alexey Volkov",
                    "email": "asgalex@gmail.com"
                },
                {
                    "name": "Nik Samokhvalov",
                    "email": "nik@samokhvalov.info",
                    "homepage": "http://samokhvalov.info"
                }
            ],
            "description": "API for custom admin interface in Bitrix by DigitalWand and Notamedia agency",
            "keywords": [
                "admin",
                "api",
                "bitrix"
            ],
            "time": "2016-06-10 10:34:09"
        },
        {
            "name": "notamedia/console-jedi",
            "version": "dev-master",
            "source": {
                "type": "git",
                "url": "https://github.com/notamedia/console-jedi.git",
                "reference": "4e0a6c21afd7b4dee4c36fb542b2b2c24790ebee"
            },
            "dist": {
                "type": "zip",
                "url": "https://api.github.com/repos/notamedia/console-jedi/zipball/4e0a6c21afd7b4dee4c36fb542b2b2c24790ebee",
                "reference": "4e0a6c21afd7b4dee4c36fb542b2b2c24790ebee",
                "shasum": ""
            },
            "require": {
                "php": ">=5.4",
                "symfony/console": "~2.8",
                "symfony/filesystem": "~2.8"
            },
            "bin": [
                "bin/jedi"
            ],
            "type": "library",
            "autoload": {
                "psr-4": {
                    "Notamedia\\ConsoleJedi\\": "src/"
                }
            },
            "notification-url": "https://packagist.org/downloads/",
            "license": [
                "MIT"
            ],
            "description": "Console application for CMS Bitrix",
            "keywords": [
                "application",
                "bitrix",
                "console"
            ],
            "time": "2016-05-06 15:37:55"
        },
        {
            "name": "robmorgan/phinx",
            "version": "v0.5.0",
            "source": {
                "type": "git",
                "url": "https://github.com/robmorgan/phinx.git",
                "reference": "df8933786806848fbf330f88d69998f29c29d8c4"
            },
            "dist": {
                "type": "zip",
                "url": "https://api.github.com/repos/robmorgan/phinx/zipball/df8933786806848fbf330f88d69998f29c29d8c4",
                "reference": "df8933786806848fbf330f88d69998f29c29d8c4",
                "shasum": ""
            },
            "require": {
                "php": ">=5.3.2",
                "symfony/config": "~2.7",
                "symfony/console": "~2.7",
                "symfony/yaml": "~2.7"
            },
            "require-dev": {
                "phpunit/phpunit": "3.7.*",
                "squizlabs/php_codesniffer": "dev-phpcs-fixer"
            },
            "bin": [
                "bin/phinx"
            ],
            "type": "library",
            "autoload": {
                "psr-4": {
                    "Phinx\\": "src/Phinx"
                }
            },
            "notification-url": "https://packagist.org/downloads/",
            "license": [
                "MIT"
            ],
            "authors": [
                {
                    "name": "Rob Morgan",
                    "email": "robbym@gmail.com",
                    "homepage": "http://robmorgan.id.au",
                    "role": "Lead Developer"
                },
                {
                    "name": "Woody Gilk",
                    "email": "woody.gilk@gmail.com",
                    "homepage": "http://shadowhand.me",
                    "role": "Developer"
                }
            ],
            "description": "Phinx makes it ridiculously easy to manage the database migrations for your PHP app.",
            "homepage": "https://phinx.org",
            "keywords": [
                "database",
                "database migrations",
                "db",
                "migrations",
                "phinx"
            ],
            "time": "2015-11-30 15:21:12"
        },
        {
            "name": "symfony/config",
            "version": "v2.8.11",
            "source": {
                "type": "git",
                "url": "https://github.com/symfony/config.git",
                "reference": "005bf10c156335ede2e89fb9a9ee10a0b742bc84"
            },
            "dist": {
                "type": "zip",
                "url": "https://api.github.com/repos/symfony/config/zipball/005bf10c156335ede2e89fb9a9ee10a0b742bc84",
                "reference": "005bf10c156335ede2e89fb9a9ee10a0b742bc84",
                "shasum": ""
            },
            "require": {
                "php": ">=5.3.9",
                "symfony/filesystem": "~2.3|~3.0.0"
            },
            "suggest": {
                "symfony/yaml": "To use the yaml reference dumper"
            },
            "type": "library",
            "extra": {
                "branch-alias": {
                    "dev-master": "2.8-dev"
                }
            },
            "autoload": {
                "psr-4": {
                    "Symfony\\Component\\Config\\": ""
                },
                "exclude-from-classmap": [
                    "/Tests/"
                ]
            },
            "notification-url": "https://packagist.org/downloads/",
            "license": [
                "MIT"
            ],
            "authors": [
                {
                    "name": "Fabien Potencier",
                    "email": "fabien@symfony.com"
                },
                {
                    "name": "Symfony Community",
                    "homepage": "https://symfony.com/contributors"
                }
            ],
            "description": "Symfony Config Component",
            "homepage": "https://symfony.com",
            "time": "2016-08-16 14:56:08"
        },
        {
            "name": "symfony/console",
            "version": "v2.8.11",
            "source": {
                "type": "git",
                "url": "https://github.com/symfony/console.git",
                "reference": "3d3e4fa5f0614c8e45220e5de80332322e33bd90"
            },
            "dist": {
                "type": "zip",
                "url": "https://api.github.com/repos/symfony/console/zipball/3d3e4fa5f0614c8e45220e5de80332322e33bd90",
                "reference": "3d3e4fa5f0614c8e45220e5de80332322e33bd90",
                "shasum": ""
            },
            "require": {
                "php": ">=5.3.9",
                "symfony/polyfill-mbstring": "~1.0"
            },
            "require-dev": {
                "psr/log": "~1.0",
                "symfony/event-dispatcher": "~2.1|~3.0.0",
                "symfony/process": "~2.1|~3.0.0"
            },
            "suggest": {
                "psr/log": "For using the console logger",
                "symfony/event-dispatcher": "",
                "symfony/process": ""
            },
            "type": "library",
            "extra": {
                "branch-alias": {
                    "dev-master": "2.8-dev"
                }
            },
            "autoload": {
                "psr-4": {
                    "Symfony\\Component\\Console\\": ""
                },
                "exclude-from-classmap": [
                    "/Tests/"
                ]
            },
            "notification-url": "https://packagist.org/downloads/",
            "license": [
                "MIT"
            ],
            "authors": [
                {
                    "name": "Fabien Potencier",
                    "email": "fabien@symfony.com"
                },
                {
                    "name": "Symfony Community",
                    "homepage": "https://symfony.com/contributors"
                }
            ],
            "description": "Symfony Console Component",
            "homepage": "https://symfony.com",
            "time": "2016-09-06 10:55:00"
        },
        {
            "name": "symfony/filesystem",
            "version": "v2.8.11",
            "source": {
                "type": "git",
                "url": "https://github.com/symfony/filesystem.git",
                "reference": "44b499521defddf2eae17a18c811bbdae4f98bdf"
            },
            "dist": {
                "type": "zip",
                "url": "https://api.github.com/repos/symfony/filesystem/zipball/44b499521defddf2eae17a18c811bbdae4f98bdf",
                "reference": "44b499521defddf2eae17a18c811bbdae4f98bdf",
                "shasum": ""
            },
            "require": {
                "php": ">=5.3.9"
            },
            "type": "library",
            "extra": {
                "branch-alias": {
                    "dev-master": "2.8-dev"
                }
            },
            "autoload": {
                "psr-4": {
                    "Symfony\\Component\\Filesystem\\": ""
                },
                "exclude-from-classmap": [
                    "/Tests/"
                ]
            },
            "notification-url": "https://packagist.org/downloads/",
            "license": [
                "MIT"
            ],
            "authors": [
                {
                    "name": "Fabien Potencier",
                    "email": "fabien@symfony.com"
                },
                {
                    "name": "Symfony Community",
                    "homepage": "https://symfony.com/contributors"
                }
            ],
            "description": "Symfony Filesystem Component",
            "homepage": "https://symfony.com",
            "time": "2016-09-06 10:55:00"
        },
        {
            "name": "symfony/polyfill-mbstring",
            "version": "v1.2.0",
            "source": {
                "type": "git",
                "url": "https://github.com/symfony/polyfill-mbstring.git",
                "reference": "dff51f72b0706335131b00a7f49606168c582594"
            },
            "dist": {
                "type": "zip",
                "url": "https://api.github.com/repos/symfony/polyfill-mbstring/zipball/dff51f72b0706335131b00a7f49606168c582594",
                "reference": "dff51f72b0706335131b00a7f49606168c582594",
                "shasum": ""
            },
            "require": {
                "php": ">=5.3.3"
            },
            "suggest": {
                "ext-mbstring": "For best performance"
            },
            "type": "library",
            "extra": {
                "branch-alias": {
                    "dev-master": "1.2-dev"
                }
            },
            "autoload": {
                "psr-4": {
                    "Symfony\\Polyfill\\Mbstring\\": ""
                },
                "files": [
                    "bootstrap.php"
                ]
            },
            "notification-url": "https://packagist.org/downloads/",
            "license": [
                "MIT"
            ],
            "authors": [
                {
                    "name": "Nicolas Grekas",
                    "email": "p@tchwork.com"
                },
                {
                    "name": "Symfony Community",
                    "homepage": "https://symfony.com/contributors"
                }
            ],
            "description": "Symfony polyfill for the Mbstring extension",
            "homepage": "https://symfony.com",
            "keywords": [
                "compatibility",
                "mbstring",
                "polyfill",
                "portable",
                "shim"
            ],
            "time": "2016-05-18 14:26:46"
        },
        {
            "name": "symfony/yaml",
            "version": "v2.8.11",
            "source": {
                "type": "git",
                "url": "https://github.com/symfony/yaml.git",
                "reference": "e7540734bad981fe59f8ef14b6fc194ae9df8d9c"
            },
            "dist": {
                "type": "zip",
                "url": "https://api.github.com/repos/symfony/yaml/zipball/e7540734bad981fe59f8ef14b6fc194ae9df8d9c",
                "reference": "e7540734bad981fe59f8ef14b6fc194ae9df8d9c",
                "shasum": ""
            },
            "require": {
                "php": ">=5.3.9"
            },
            "type": "library",
            "extra": {
                "branch-alias": {
                    "dev-master": "2.8-dev"
                }
            },
            "autoload": {
                "psr-4": {
                    "Symfony\\Component\\Yaml\\": ""
                },
                "exclude-from-classmap": [
                    "/Tests/"
                ]
            },
            "notification-url": "https://packagist.org/downloads/",
            "license": [
                "MIT"
            ],
            "authors": [
                {
                    "name": "Fabien Potencier",
                    "email": "fabien@symfony.com"
                },
                {
                    "name": "Symfony Community",
                    "homepage": "https://symfony.com/contributors"
                }
            ],
            "description": "Symfony Yaml Component",
            "homepage": "https://symfony.com",
            "time": "2016-09-02 01:57:56"
        }
    ],
    "packages-dev": [],
    "aliases": [],
    "minimum-stability": "stable",
    "stability-flags": {
        "notamedia/console-jedi": 20
    },
    "prefer-stable": false,
    "prefer-lowest": false,
    "platform": {
        "php": ">=5.4.0"
    },
    "platform-dev": []
}
